
Microsoft Visual Studio Solution File, Format Version 12.00
# Visual Studio Version 17
VisualStudioVersion = 17.11.35219.272
MinimumVisualStudioVersion = 10.0.40219.1
Project("{FAE04EC0-301F-11D3-BF4B-00C04F79EFBC}") = "IntegracaoInscricoesDoHtParaEgoi", "IntegracaoInscricoesDoHtParaEgoi\IntegracaoInscricoesDoHtParaEgoi.csproj", "{3D007527-C5CF-4974-8276-0E6245F45318}"
EndProject
Global
	GlobalSection(SolutionConfigurationPlatforms) = preSolution
		Debug|Any CPU = Debug|Any CPU
		Release|Any CPU = Release|Any CPU
	EndGlobalSection
	GlobalSection(ProjectConfigurationPlatforms) = postSolution
		{3D007527-C5CF-4974-8276-0E6245F45318}.Debug|Any CPU.ActiveCfg = Debug|Any CPU
		{3D007527-C5CF-4974-8276-0E6245F45318}.Debug|Any CPU.Build.0 = Debug|Any CPU
		{3D007527-C5CF-4974-8276-0E6245F45318}.Release|Any CPU.ActiveCfg = Release|Any CPU
		{3D007527-C5CF-4974-8276-0E6245F45318}.Release|Any CPU.Build.0 = Release|Any CPU
	EndGlobalSection
	GlobalSection(SolutionProperties) = preSolution
		HideSolutionNode = FALSE
	EndGlobalSection
	GlobalSection(ExtensibilityGlobals) = postSolution
		SolutionGuid = {8445C471-9C7B-445B-9C3C-DFF303358773}
	EndGlobalSection
EndGlobal
